
Microsoft Visual Studio Solution File, Format Version 12.00
# Visual Studio Version 17
VisualStudioVersion = 17.7.34031.279
MinimumVisualStudioVersion = 10.0.40219.1
Project("{9A19103F-16F7-4668-BE54-9A1E7A4F7556}") = "OopClassMembers", "OopClassMembers.csproj", "{90F19B4E-6E5A-419D-A5A7-F12BCBEF6F29}"
EndProject
Project("{2150E333-8FDC-42A3-9474-1A3956D46DE8}") = "Solution Items", "Solution Items", "{5DB5389F-491D-4B94-A7C8-86B4FB7A8DB2}"
	ProjectSection(SolutionItems) = preProject
		Class1.cs = Class1.cs
		Class2.cs = Class2.cs
	EndProjectSection
EndProject
Global
	GlobalSection(SolutionConfigurationPlatforms) = preSolution
		Debug|Any CPU = Debug|Any CPU
		Release|Any CPU = Release|Any CPU
	EndGlobalSection
	GlobalSection(ProjectConfigurationPlatforms) = postSolution
		{90F19B4E-6E5A-419D-A5A7-F12BCBEF6F29}.Debug|Any CPU.ActiveCfg = Debug|Any CPU
		{90F19B4E-6E5A-419D-A5A7-F12BCBEF6F29}.Debug|Any CPU.Build.0 = Debug|Any CPU
		{90F19B4E-6E5A-419D-A5A7-F12BCBEF6F29}.Release|Any CPU.ActiveCfg = Release|Any CPU
		{90F19B4E-6E5A-419D-A5A7-F12BCBEF6F29}.Release|Any CPU.Build.0 = Release|Any CPU
	EndGlobalSection
	GlobalSection(SolutionProperties) = preSolution
		HideSolutionNode = FALSE
	EndGlobalSection
	GlobalSection(ExtensibilityGlobals) = postSolution
		SolutionGuid = {C1F3F844-C40C-4AAD-AA04-808163B8E468}
	EndGlobalSection
EndGlobal
